
Microsoft Visual Studio Solution File, Format Version 12.00
# Visual Studio 15
VisualStudioVersion = 15.0.28307.136
MinimumVisualStudioVersion = 10.0.40219.1
Project("{FAE04EC0-301F-11D3-BF4B-00C04F79EFBC}") = "DemoAssemblyEXE", "DemoAssemblyEXE.csproj", "{DDA73EE9-0F41-4C09-9CAD-8215ABD60B33}"
EndProject
Global
	GlobalSection(SolutionConfigurationPlatforms) = preSolution
		Debug|Any CPU = Debug|Any CPU
		Release|Any CPU = Release|Any CPU
	EndGlobalSection
	GlobalSection(ProjectConfigurationPlatforms) = postSolution
		{DDA73EE9-0F41-4C09-9CAD-8215ABD60B33}.Debug|Any CPU.ActiveCfg = Debug|Any CPU
		{DDA73EE9-0F41-4C09-9CAD-8215ABD60B33}.Debug|Any CPU.Build.0 = Debug|Any CPU
		{DDA73EE9-0F41-4C09-9CAD-8215ABD60B33}.Release|Any CPU.ActiveCfg = Release|Any CPU
		{DDA73EE9-0F41-4C09-9CAD-8215ABD60B33}.Release|Any CPU.Build.0 = Release|Any CPU
	EndGlobalSection
	GlobalSection(SolutionProperties) = preSolution
		HideSolutionNode = FALSE
	EndGlobalSection
	GlobalSection(ExtensibilityGlobals) = postSolution
		SolutionGuid = {60245731-8883-465C-B4BA-60F96869332D}
	EndGlobalSection
EndGlobal
