
Microsoft Visual Studio Solution File, Format Version 12.00
# Visual Studio 15
VisualStudioVersion = 15.0.28307.136
MinimumVisualStudioVersion = 10.0.40219.1
Project("{FAE04EC0-301F-11D3-BF4B-00C04F79EFBC}") = "DemoAssemblyDLL", "DemoAssemblyDLL.csproj", "{6A0F2422-D4D1-4B7E-84AD-56DC0FD2DFC5}"
EndProject
Global
	GlobalSection(SolutionConfigurationPlatforms) = preSolution
		Debug|Any CPU = Debug|Any CPU
		Release|Any CPU = Release|Any CPU
	EndGlobalSection
	GlobalSection(ProjectConfigurationPlatforms) = postSolution
		{6A0F2422-D4D1-4B7E-84AD-56DC0FD2DFC5}.Debug|Any CPU.ActiveCfg = Debug|Any CPU
		{6A0F2422-D4D1-4B7E-84AD-56DC0FD2DFC5}.Debug|Any CPU.Build.0 = Debug|Any CPU
		{6A0F2422-D4D1-4B7E-84AD-56DC0FD2DFC5}.Release|Any CPU.ActiveCfg = Release|Any CPU
		{6A0F2422-D4D1-4B7E-84AD-56DC0FD2DFC5}.Release|Any CPU.Build.0 = Release|Any CPU
	EndGlobalSection
	GlobalSection(SolutionProperties) = preSolution
		HideSolutionNode = FALSE
	EndGlobalSection
	GlobalSection(ExtensibilityGlobals) = postSolution
		SolutionGuid = {98320D5F-19DF-4370-82D9-ECDA185DA81A}
	EndGlobalSection
EndGlobal
